
Microsoft Visual Studio Solution File, Format Version 12.00
# Visual Studio Version 17
VisualStudioVersion = 17.8.34322.80
MinimumVisualStudioVersion = 10.0.40219.1
Project("{FAE04EC0-301F-11D3-BF4B-00C04F79EFBC}") = "FolderExplorer", "FolderExplorer\FolderExplorer.csproj", "{006A277F-E2E6-4EFF-A7E7-75E038A3DABE}"
EndProject
Global
	GlobalSection(SolutionConfigurationPlatforms) = preSolution
		Debug|Any CPU = Debug|Any CPU
		Release|Any CPU = Release|Any CPU
	EndGlobalSection
	GlobalSection(ProjectConfigurationPlatforms) = postSolution
		{006A277F-E2E6-4EFF-A7E7-75E038A3DABE}.Debug|Any CPU.ActiveCfg = Debug|Any CPU
		{006A277F-E2E6-4EFF-A7E7-75E038A3DABE}.Debug|Any CPU.Build.0 = Debug|Any CPU
		{006A277F-E2E6-4EFF-A7E7-75E038A3DABE}.Release|Any CPU.ActiveCfg = Release|Any CPU
		{006A277F-E2E6-4EFF-A7E7-75E038A3DABE}.Release|Any CPU.Build.0 = Release|Any CPU
	EndGlobalSection
	GlobalSection(SolutionProperties) = preSolution
		HideSolutionNode = FALSE
	EndGlobalSection
	GlobalSection(ExtensibilityGlobals) = postSolution
		SolutionGuid = {3EC3A5F8-14E2-42AC-B5AE-A3A0B7EBA217}
	EndGlobalSection
EndGlobal
